
Microsoft Visual Studio Solution File, Format Version 12.00
# Visual Studio Version 16
VisualStudioVersion = 16.0.30907.101
MinimumVisualStudioVersion = 10.0.40219.1
Project("{FAE04EC0-301F-11D3-BF4B-00C04F79EFBC}") = "Html", "Html\Html.csproj", "{D6BE252A-857A-430C-BFC6-AD7FA71950B4}"
EndProject
Project("{FAE04EC0-301F-11D3-BF4B-00C04F79EFBC}") = "CssText", "CssText\CssText.csproj", "{094327F6-37F2-433F-A239-598538378D99}"
EndProject
Project("{FAE04EC0-301F-11D3-BF4B-00C04F79EFBC}") = "CssTable", "CssTable\CssTable.csproj", "{D01A9453-4929-4586-A2C0-9D4F6A079EAB}"
EndProject
Global
	GlobalSection(SolutionConfigurationPlatforms) = preSolution
		Debug|Any CPU = Debug|Any CPU
		Release|Any CPU = Release|Any CPU
	EndGlobalSection
	GlobalSection(ProjectConfigurationPlatforms) = postSolution
		{D6BE252A-857A-430C-BFC6-AD7FA71950B4}.Debug|Any CPU.ActiveCfg = Debug|Any CPU
		{D6BE252A-857A-430C-BFC6-AD7FA71950B4}.Debug|Any CPU.Build.0 = Debug|Any CPU
		{D6BE252A-857A-430C-BFC6-AD7FA71950B4}.Release|Any CPU.ActiveCfg = Release|Any CPU
		{D6BE252A-857A-430C-BFC6-AD7FA71950B4}.Release|Any CPU.Build.0 = Release|Any CPU
		{094327F6-37F2-433F-A239-598538378D99}.Debug|Any CPU.ActiveCfg = Debug|Any CPU
		{094327F6-37F2-433F-A239-598538378D99}.Debug|Any CPU.Build.0 = Debug|Any CPU
		{094327F6-37F2-433F-A239-598538378D99}.Release|Any CPU.ActiveCfg = Release|Any CPU
		{094327F6-37F2-433F-A239-598538378D99}.Release|Any CPU.Build.0 = Release|Any CPU
		{D01A9453-4929-4586-A2C0-9D4F6A079EAB}.Debug|Any CPU.ActiveCfg = Debug|Any CPU
		{D01A9453-4929-4586-A2C0-9D4F6A079EAB}.Debug|Any CPU.Build.0 = Debug|Any CPU
		{D01A9453-4929-4586-A2C0-9D4F6A079EAB}.Release|Any CPU.ActiveCfg = Release|Any CPU
		{D01A9453-4929-4586-A2C0-9D4F6A079EAB}.Release|Any CPU.Build.0 = Release|Any CPU
	EndGlobalSection
	GlobalSection(SolutionProperties) = preSolution
		HideSolutionNode = FALSE
	EndGlobalSection
	GlobalSection(ExtensibilityGlobals) = postSolution
		SolutionGuid = {780B2707-5682-488A-B7E5-E8CBC5B5C834}
	EndGlobalSection
EndGlobal
